{
  "originHash" : "b2858022e4b0183ef4ccc76f5afe2d02318ac006c2658d20a122485e9a60bbd9",
  "pins" : [
    {
      "identity" : "swift-package-manager-google-mobile-ads",
      "kind" : "remoteSourceControl",
      "location" : "https://github.com/googleads/swift-package-manager-google-mobile-ads.git",
      "state" : {
        "revision" : "946770157e526c0fa8807ed516c3d9f81106e30a",
        "version" : "12.6.0"
      }
    },
    {
      "identity" : "swift-package-manager-google-user-messaging-platform",
      "kind" : "remoteSourceControl",
      "location" : "https://github.com/googleads/swift-package-manager-google-user-messaging-platform.git",
      "state" : {
        "revision" : "69b53394c5258b3fe688e625a998047d1f393497",
        "version" : "3.0.0"
      }
    },
    {
      "identity" : "wescan",
      "kind" : "remoteSourceControl",
      "location" : "https://github.com/WeTransfer/WeScan.git",
      "state" : {
        "revision" : "5eee784d8233bc209e8fc38980fd847293c96ebc",
        "version" : "3.0.0"
      }
    }
  ],
  "version" : 3
}
